
Microsoft Visual Studio Solution File, Format Version 12.00
# Visual Studio Version 17
VisualStudioVersion = 17.10.35122.118
MinimumVisualStudioVersion = 10.0.40219.1
Project("{FAE04EC0-301F-11D3-BF4B-00C04F79EFBC}") = "RdlcReportWebApi", "RdlcReportWebApi\RdlcReportWebApi.csproj", "{3C4B0ED7-A694-40D8-AD6B-6C66AAF74879}"
EndProject
Project("{FAE04EC0-301F-11D3-BF4B-00C04F79EFBC}") = "ReportWeb", "ReportWeb\ReportWeb.csproj", "{C0F23859-2BC6-4F6C-8362-6BA88F81FDA7}"
EndProject
Global
	GlobalSection(SolutionConfigurationPlatforms) = preSolution
		Debug|Any CPU = Debug|Any CPU
		Release|Any CPU = Release|Any CPU
	EndGlobalSection
	GlobalSection(ProjectConfigurationPlatforms) = postSolution
		{3C4B0ED7-A694-40D8-AD6B-6C66AAF74879}.Debug|Any CPU.ActiveCfg = Debug|Any CPU
		{3C4B0ED7-A694-40D8-AD6B-6C66AAF74879}.Debug|Any CPU.Build.0 = Debug|Any CPU
		{3C4B0ED7-A694-40D8-AD6B-6C66AAF74879}.Release|Any CPU.ActiveCfg = Release|Any CPU
		{3C4B0ED7-A694-40D8-AD6B-6C66AAF74879}.Release|Any CPU.Build.0 = Release|Any CPU
		{C0F23859-2BC6-4F6C-8362-6BA88F81FDA7}.Debug|Any CPU.ActiveCfg = Debug|Any CPU
		{C0F23859-2BC6-4F6C-8362-6BA88F81FDA7}.Debug|Any CPU.Build.0 = Debug|Any CPU
		{C0F23859-2BC6-4F6C-8362-6BA88F81FDA7}.Release|Any CPU.ActiveCfg = Release|Any CPU
		{C0F23859-2BC6-4F6C-8362-6BA88F81FDA7}.Release|Any CPU.Build.0 = Release|Any CPU
	EndGlobalSection
	GlobalSection(SolutionProperties) = preSolution
		HideSolutionNode = FALSE
	EndGlobalSection
	GlobalSection(ExtensibilityGlobals) = postSolution
		SolutionGuid = {846D094D-4821-48F1-B596-BBCDB984B88B}
	EndGlobalSection
EndGlobal
